
Microsoft Visual Studio Solution File, Format Version 12.00
# Visual Studio Version 17
VisualStudioVersion = 17.14.36203.30 d17.14
MinimumVisualStudioVersion = 10.0.40219.1
Project("{FAE04EC0-301F-11D3-BF4B-00C04F79EFBC}") = "Atividade 15", "Atividade 15\Atividade 15.csproj", "{5F6FFE55-3177-41F9-B4A5-8DDAA7FDA871}"
EndProject
Global
	GlobalSection(SolutionConfigurationPlatforms) = preSolution
		Debug|Any CPU = Debug|Any CPU
		Release|Any CPU = Release|Any CPU
	EndGlobalSection
	GlobalSection(ProjectConfigurationPlatforms) = postSolution
		{5F6FFE55-3177-41F9-B4A5-8DDAA7FDA871}.Debug|Any CPU.ActiveCfg = Debug|Any CPU
		{5F6FFE55-3177-41F9-B4A5-8DDAA7FDA871}.Debug|Any CPU.Build.0 = Debug|Any CPU
		{5F6FFE55-3177-41F9-B4A5-8DDAA7FDA871}.Release|Any CPU.ActiveCfg = Release|Any CPU
		{5F6FFE55-3177-41F9-B4A5-8DDAA7FDA871}.Release|Any CPU.Build.0 = Release|Any CPU
	EndGlobalSection
	GlobalSection(SolutionProperties) = preSolution
		HideSolutionNode = FALSE
	EndGlobalSection
	GlobalSection(ExtensibilityGlobals) = postSolution
		SolutionGuid = {E428A06E-FBA2-49DD-9997-B4AC683F9111}
	EndGlobalSection
EndGlobal
